
Microsoft Visual Studio Solution File, Format Version 12.00
# Visual Studio Version 16
VisualStudioVersion = 16.0.30709.64
MinimumVisualStudioVersion = 10.0.40219.1
Project("{FAE04EC0-301F-11D3-BF4B-00C04F79EFBC}") = "03-03-01-grid-and-simple-binding", "03-03-01-grid-and-simple-binding.csproj", "{CFC125A9-AA4F-42D0-848B-45A539D4EDD1}"
EndProject
Global
	GlobalSection(SolutionConfigurationPlatforms) = preSolution
		Debug|Any CPU = Debug|Any CPU
		Release|Any CPU = Release|Any CPU
	EndGlobalSection
	GlobalSection(ProjectConfigurationPlatforms) = postSolution
		{CFC125A9-AA4F-42D0-848B-45A539D4EDD1}.Debug|Any CPU.ActiveCfg = Debug|Any CPU
		{CFC125A9-AA4F-42D0-848B-45A539D4EDD1}.Debug|Any CPU.Build.0 = Debug|Any CPU
		{CFC125A9-AA4F-42D0-848B-45A539D4EDD1}.Release|Any CPU.ActiveCfg = Release|Any CPU
		{CFC125A9-AA4F-42D0-848B-45A539D4EDD1}.Release|Any CPU.Build.0 = Release|Any CPU
	EndGlobalSection
	GlobalSection(SolutionProperties) = preSolution
		HideSolutionNode = FALSE
	EndGlobalSection
	GlobalSection(ExtensibilityGlobals) = postSolution
		SolutionGuid = {E97F13BC-FFDF-4CEA-930F-3E68F8787814}
	EndGlobalSection
EndGlobal
